Microsoft Visual Studio Solution File, Format Version 12.00
# Visual Studio Version 17
VisualStudioVersion = 17.0.0.0
MinimumVisualStudioVersion = 10.0.40219.1
Project("{FAE04EC0-301F-11D3-BF4B-00C04F79EFBC}") = "ModelViewer", "src/ModelViewer/ModelViewer.csproj", "{C0467393-B84E-4EDD-ADBC-655F1AEDF487}"
EndProject
Global
	GlobalSection(SolutionConfigurationPlatforms) = preSolution
		Debug|Any CPU = Debug|Any CPU
		Release|Any CPU = Release|Any CPU
	EndGlobalSection
	GlobalSection(ProjectConfigurationPlatforms) = postSolution
		{C0467393-B84E-4EDD-ADBC-655F1AEDF487}.Debug|Any CPU.ActiveCfg = Debug|Any CPU
		{C0467393-B84E-4EDD-ADBC-655F1AEDF487}.Debug|Any CPU.Build.0 = Debug|Any CPU
	EndGlobalSection
	GlobalSection(SolutionProperties) = preSolution
		HideSolutionNode = FALSE
	EndGlobalSection
	GlobalSection(ExtensibilityGlobals) = postSolution
		SolutionGuid = {7291AD3A-6B9B-44DB-B124-930DCB7DFED0}
	EndGlobalSection
EndGlobal
